// !$*UTF8*$!
{
	archiveVersion = 1;
	classes = {
	};
	objectVersion = 56;
	objects = {

/* Begin PBXBuildFile section */
		2B5AF8C628EAF79B003C2FAD /* AppDelegate.swift in Sources */ = {isa = PBXBuildFile; fileRef = 2B5AF8C528EAF79B003C2FAD /* AppDelegate.swift */; };
		2B5AF8C828EAF79B003C2FAD /* SceneDelegate.swift in Sources */ = {isa = PBXBuildFile; fileRef = 2B5AF8C728EAF79B003C2FAD /* SceneDelegate.swift */; };
		2B5AF8CA28EAF79B003C2FAD /* ViewController.swift in Sources */ = {isa = PBXBuildFile; fileRef = 2B5AF8C928EAF79B003C2FAD /* ViewController.swift */; };
		2B5AF8CD28EAF79B003C2FAD /* Main.storyboard in Resources */ = {isa = PBXBuildFile; fileRef = 2B5AF8CB28EAF79B003C2FAD /* Main.storyboard */; };
		2B5AF8CF28EAF79C003C2FAD /* Assets.xcassets in Resources */ = {isa = PBXBuildFile; fileRef = 2B5AF8CE28EAF79C003C2FAD /* Assets.xcassets */; };
		2B5AF8D228EAF79C003C2FAD /* LaunchScreen.storyboard in Resources */ = {isa = PBXBuildFile; fileRef = 2B5AF8D028EAF79C003C2FAD /* LaunchScreen.storyboard */; };
		2B5AF8DD28EAF79C003C2FAD /* EtraveliAssignmentTests.swift in Sources */ = {isa = PBXBuildFile; fileRef = 2B5AF8DC28EAF79C003C2FAD /* EtraveliAssignmentTests.swift */; };
		2B5AF8E728EAF79C003C2FAD /* EtraveliAssignmentUITests.swift in Sources */ = {isa = PBXBuildFile; fileRef = 2B5AF8E628EAF79C003C2FAD /* EtraveliAssignmentUITests.swift */; };
		2B5AF8E928EAF79C003C2FAD /* EtraveliAssignmentUITestsLaunchTests.swift in Sources */ = {isa = PBXBuildFile; fileRef = 2B5AF8E828EAF79C003C2FAD /* EtraveliAssignmentUITestsLaunchTests.swift */; };
/* End PBXBuildFile section */

/* Begin PBXContainerItemProxy section */
		2B5AF8D928EAF79C003C2FAD /* PBXContainerItemProxy */ = {
			isa = PBXContainerItemProxy;
			containerPortal = 2B5AF8BA28EAF79A003C2FAD /* Project object */;
			proxyType = 1;
			remoteGlobalIDString = 2B5AF8C128EAF79A003C2FAD;
			remoteInfo = EtraveliAssignment;
		};
		2B5AF8E328EAF79C003C2FAD /* PBXContainerItemProxy */ = {
			isa = PBXContainerItemProxy;
			containerPortal = 2B5AF8BA28EAF79A003C2FAD /* Project object */;
			proxyType = 1;
			remoteGlobalIDString = 2B5AF8C128EAF79A003C2FAD;
			remoteInfo = EtraveliAssignment;
		};
/* End PBXContainerItemProxy section */

/* Begin PBXFileReference section */
		2B5AF8C228EAF79A003C2FAD /* EtraveliAssignment.app */ = {isa = PBXFileReference; explicitFileType = wrapper.application; includeInIndex = 0; path = EtraveliAssignment.app; sourceTree = BUILT_PRODUCTS_DIR; };
		2B5AF8C528EAF79B003C2FAD /* AppDelegate.swift */ = {isa = PBXFileReference; lastKnownFileType = sourcecode.swift; path = AppDelegate.swift; sourceTree = "<group>"; };
		2B5AF8C728EAF79B003C2FAD /* SceneDelegate.swift */ = {isa = PBXFileReference; lastKnownFileType = sourcecode.swift; path = SceneDelegate.swift; sourceTree = "<group>"; };
		2B5AF8C928EAF79B003C2FAD /* ViewController.swift */ = {isa = PBXFileReference; lastKnownFileType = sourcecode.swift; path = ViewController.swift; sourceTree = "<group>"; };
		2B5AF8CC28EAF79B003C2FAD /* Base */ = {isa = PBXFileReference; lastKnownFileType = file.storyboard; name = Base; path = Base.lproj/Main.storyboard; sourceTree = "<group>"; };
		2B5AF8CE28EAF79C003C2FAD /* Assets.xcassets */ = {isa = PBXFileReference; lastKnownFileType = folder.assetcatalog; path = Assets.xcassets; sourceTree = "<group>"; };
		2B5AF8D128EAF79C003C2FAD /* Base */ = {isa = PBXFileReference; lastKnownFileType = file.storyboard; name = Base; path = Base.lproj/LaunchScreen.storyboard; sourceTree = "<group>"; };
		2B5AF8D328EAF79C003C2FAD /* Info.plist */ = {isa = PBXFileReference; lastKnownFileType = text.plist.xml; path = Info.plist; sourceTree = "<group>"; };
		2B5AF8D828EAF79C003C2FAD /* EtraveliAssignmentTests.xctest */ = {isa = PBXFileReference; explicitFileType = wrapper.cfbundle; includeInIndex = 0; path = EtraveliAssignmentTests.xctest; sourceTree = BUILT_PRODUCTS_DIR; };
		2B5AF8DC28EAF79C003C2FAD /* EtraveliAssignmentTests.swift */ = {isa = PBXFileReference; lastKnownFileType = sourcecode.swift; path = EtraveliAssignmentTests.swift; sourceTree = "<group>"; };
		2B5AF8E228EAF79C003C2FAD /* EtraveliAssignmentUITests.xctest */ = {isa = PBXFileReference; explicitFileType = wrapper.cfbundle; includeInIndex = 0; path = EtraveliAssignmentUITests.xctest; sourceTree = BUILT_PRODUCTS_DIR; };
		2B5AF8E628EAF79C003C2FAD /* EtraveliAssignmentUITests.swift */ = {isa = PBXFileReference; lastKnownFileType = sourcecode.swift; path = EtraveliAssignmentUITests.swift; sourceTree = "<group>"; };
		2B5AF8E828EAF79C003C2FAD /* EtraveliAssignmentUITestsLaunchTests.swift */ = {isa = PBXFileReference; lastKnownFileType = sourcecode.swift; path = EtraveliAssignmentUITestsLaunchTests.swift; sourceTree = "<group>"; };
/* End PBXFileReference section */

/* Begin PBXFrameworksBuildPhase section */
		2B5AF8BF28EAF79A003C2FAD /* Frameworks */ = {
			isa = PBXFrameworksBuildPhase;
			buildActionMask = 2147483647;
			files = (
			);
			runOnlyForDeploymentPostprocessing = 0;
		};
		2B5AF8D528EAF79C003C2FAD /* Frameworks */ = {
			isa = PBXFrameworksBuildPhase;
			buildActionMask = 2147483647;
			files = (
			);
			runOnlyForDeploymentPostprocessing = 0;
		};
		2B5AF8DF28EAF79C003C2FAD /* Frameworks */ = {
			isa = PBXFrameworksBuildPhase;
			buildActionMask = 2147483647;
			files = (
			);
			runOnlyForDeploymentPostprocessing = 0;
		};
/* End PBXFrameworksBuildPhase section */

/* Begin PBXGroup section */
		2B5AF8B928EAF79A003C2FAD = {
			isa = PBXGroup;
			children = (
				2B5AF8C428EAF79B003C2FAD /* EtraveliAssignment */,
				2B5AF8DB28EAF79C003C2FAD /* EtraveliAssignmentTests */,
				2B5AF8E528EAF79C003C2FAD /* EtraveliAssignmentUITests */,
				2B5AF8C328EAF79A003C2FAD /* Products */,
			);
			sourceTree = "<group>";
		};
		2B5AF8C328EAF79A003C2FAD /* Products */ = {
			isa = PBXGroup;
			children = (
				2B5AF8C228EAF79A003C2FAD /* EtraveliAssignment.app */,
				2B5AF8D828EAF79C003C2FAD /* EtraveliAssignmentTests.xctest */,
				2B5AF8E228EAF79C003C2FAD /* EtraveliAssignmentUITests.xctest */,
			);
			name = Products;
			sourceTree = "<group>";
		};
		2B5AF8C428EAF79B003C2FAD /* EtraveliAssignment */ = {
			isa = PBXGroup;
			children = (
				2B5AF8C528EAF79B003C2FAD /* AppDelegate.swift */,
				2B5AF8C728EAF79B003C2FAD /* SceneDelegate.swift */,
				2B5AF8C928EAF79B003C2FAD /* ViewController.swift */,
				2B5AF8CB28EAF79B003C2FAD /* Main.storyboard */,
				2B5AF8CE28EAF79C003C2FAD /* Assets.xcassets */,
				2B5AF8D028EAF79C003C2FAD /* LaunchScreen.storyboard */,
				2B5AF8D328EAF79C003C2FAD /* Info.plist */,
			);
			path = EtraveliAssignment;
			sourceTree = "<group>";
		};
		2B5AF8DB28EAF79C003C2FAD /* EtraveliAssignmentTests */ = {
			isa = PBXGroup;
			children = (
				2B5AF8DC28EAF79C003C2FAD /* EtraveliAssignmentTests.swift */,
			);
			path = EtraveliAssignmentTests;
			sourceTree = "<group>";
		};
		2B5AF8E528EAF79C003C2FAD /* EtraveliAssignmentUITests */ = {
			isa = PBXGroup;
			children = (
				2B5AF8E628EAF79C003C2FAD /* EtraveliAssignmentUITests.swift */,
				2B5AF8E828EAF79C003C2FAD /* EtraveliAssignmentUITestsLaunchTests.swift */,
			);
			path = EtraveliAssignmentUITests;
			sourceTree = "<group>";
		};
/* End PBXGroup section */

/* Begin PBXNativeTarget section */
		2B5AF8C128EAF79A003C2FAD /* EtraveliAssignment */ = {
			isa = PBXNativeTarget;
			buildConfigurationList = 2B5AF8EC28EAF79C003C2FAD /* Build configuration list for PBXNativeTarget "EtraveliAssignment" */;
			buildPhases = (
				2B5AF8BE28EAF79A003C2FAD /* Sources */,
				2B5AF8BF28EAF79A003C2FAD /* Frameworks */,
				2B5AF8C028EAF79A003C2FAD /* Resources */,
			);
			buildRules = (
			);
			dependencies = (
			);
			name = EtraveliAssignment;
			productName = EtraveliAssignment;
			productReference = 2B5AF8C228EAF79A003C2FAD /* EtraveliAssignment.app */;
			productType = "com.apple.product-type.application";
		};
		2B5AF8D728EAF79C003C2FAD /* EtraveliAssignmentTests */ = {
			isa = PBXNativeTarget;
			buildConfigurationList = 2B5AF8EF28EAF79C003C2FAD /* Build configuration list for PBXNativeTarget "EtraveliAssignmentTests" */;
			buildPhases = (
				2B5AF8D428EAF79C003C2FAD /* Sources */,
				2B5AF8D528EAF79C003C2FAD /* Frameworks */,
				2B5AF8D628EAF79C003C2FAD /* Resources */,
			);
			buildRules = (
			);
			dependencies = (
				2B5AF8DA28EAF79C003C2FAD /* PBXTargetDependency */,
			);
			name = EtraveliAssignmentTests;
			productName = EtraveliAssignmentTests;
			productReference = 2B5AF8D828EAF79C003C2FAD /* EtraveliAssignmentTests.xctest */;
			productType = "com.apple.product-type.bundle.unit-test";
		};
		2B5AF8E128EAF79C003C2FAD /* EtraveliAssignmentUITests */ = {
			isa = PBXNativeTarget;
			buildConfigurationList = 2B5AF8F228EAF79C003C2FAD /* Build configuration list for PBXNativeTarget "EtraveliAssignmentUITests" */;
			buildPhases = (
				2B5AF8DE28EAF79C003C2FAD /* Sources */,
				2B5AF8DF28EAF79C003C2FAD /* Frameworks */,
				2B5AF8E028EAF79C003C2FAD /* Resources */,
			);
			buildRules = (
			);
			dependencies = (
				2B5AF8E428EAF79C003C2FAD /* PBXTargetDependency */,
			);
			name = EtraveliAssignmentUITests;
			productName = EtraveliAssignmentUITests;
			productReference = 2B5AF8E228EAF79C003C2FAD /* EtraveliAssignmentUITests.xctest */;
			productType = "com.apple.product-type.bundle.ui-testing";
		};
/* End PBXNativeTarget section */

/* Begin PBXProject section */
		2B5AF8BA28EAF79A003C2FAD /* Project object */ = {
			isa = PBXProject;
			attributes = {
				BuildIndependentTargetsInParallel = 1;
				LastSwiftUpdateCheck = 1400;
				LastUpgradeCheck = 1400;
				TargetAttributes = {
					2B5AF8C128EAF79A003C2FAD = {
						CreatedOnToolsVersion = 14.0.1;
					};
					2B5AF8D728EAF79C003C2FAD = {
						CreatedOnToolsVersion = 14.0.1;
						TestTargetID = 2B5AF8C128EAF79A003C2FAD;
					};
					2B5AF8E128EAF79C003C2FAD = {
						CreatedOnToolsVersion = 14.0.1;
						TestTargetID = 2B5AF8C128EAF79A003C2FAD;
					};
				};
			};
			buildConfigurationList = 2B5AF8BD28EAF79A003C2FAD /* Build configuration list for PBXProject "EtraveliAssignment" */;
			compatibilityVersion = "Xcode 14.0";
			developmentRegion = en;
			hasScannedForEncodings = 0;
			knownRegions = (
				en,
				Base,
			);
			mainGroup = 2B5AF8B928EAF79A003C2FAD;
			productRefGroup = 2B5AF8C328EAF79A003C2FAD /* Products */;
			projectDirPath = "";
			projectRoot = "";
			targets = (
				2B5AF8C128EAF79A003C2FAD /* EtraveliAssignment */,
				2B5AF8D728EAF79C003C2FAD /* EtraveliAssignmentTests */,
				2B5AF8E128EAF79C003C2FAD /* EtraveliAssignmentUITests */,
			);
		};
/* End PBXProject section */

/* Begin PBXResourcesBuildPhase section */
		2B5AF8C028EAF79A003C2FAD /* Resources */ = {
			isa = PBXResourcesBuildPhase;
			buildActionMask = 2147483647;
			files = (
				2B5AF8D228EAF79C003C2FAD /* LaunchScreen.storyboard in Resources */,
				2B5AF8CF28EAF79C003C2FAD /* Assets.xcassets in Resources */,
				2B5AF8CD28EAF79B003C2FAD /* Main.storyboard in Resources */,
			);
			runOnlyForDeploymentPostprocessing = 0;
		};
		2B5AF8D628EAF79C003C2FAD /* Resources */ = {
			isa = PBXResourcesBuildPhase;
			buildActionMask = 2147483647;
			files = (
			);
			runOnlyForDeploymentPostprocessing = 0;
		};
		2B5AF8E028EAF79C003C2FAD /* Resources */ = {
			isa = PBXResourcesBuildPhase;
			buildActionMask = 2147483647;
			files = (
			);
			runOnlyForDeploymentPostprocessing = 0;
		};
/* End PBXResourcesBuildPhase section */

/* Begin PBXSourcesBuildPhase section */
		2B5AF8BE28EAF79A003C2FAD /* Sources */ = {
			isa = PBXSourcesBuildPhase;
			buildActionMask = 2147483647;
			files = (
				2B5AF8CA28EAF79B003C2FAD /* ViewController.swift in Sources */,
				2B5AF8C628EAF79B003C2FAD /* AppDelegate.swift in Sources */,
				2B5AF8C828EAF79B003C2FAD /* SceneDelegate.swift in Sources */,
			);
			runOnlyForDeploymentPostprocessing = 0;
		};
		2B5AF8D428EAF79C003C2FAD /* Sources */ = {
			isa = PBXSourcesBuildPhase;
			buildActionMask = 2147483647;
			files = (
				2B5AF8DD28EAF79C003C2FAD /* EtraveliAssignmentTests.swift in Sources */,
			);
			runOnlyForDeploymentPostprocessing = 0;
		};
		2B5AF8DE28EAF79C003C2FAD /* Sources */ = {
			isa = PBXSourcesBuildPhase;
			buildActionMask = 2147483647;
			files = (
				2B5AF8E728EAF79C003C2FAD /* EtraveliAssignmentUITests.swift in Sources */,
				2B5AF8E928EAF79C003C2FAD /* EtraveliAssignmentUITestsLaunchTests.swift in Sources */,
			);
			runOnlyForDeploymentPostprocessing = 0;
		};
/* End PBXSourcesBuildPhase section */

/* Begin PBXTargetDependency section */
		2B5AF8DA28EAF79C003C2FAD /* PBXTargetDependency */ = {
			isa = PBXTargetDependency;
			target = 2B5AF8C128EAF79A003C2FAD /* EtraveliAssignment */;
			targetProxy = 2B5AF8D928EAF79C003C2FAD /* PBXContainerItemProxy */;
		};
		2B5AF8E428EAF79C003C2FAD /* PBXTargetDependency */ = {
			isa = PBXTargetDependency;
			target = 2B5AF8C128EAF79A003C2FAD /* EtraveliAssignment */;
			targetProxy = 2B5AF8E328EAF79C003C2FAD /* PBXContainerItemProxy */;
		};
/* End PBXTargetDependency section */

/* Begin PBXVariantGroup section */
		2B5AF8CB28EAF79B003C2FAD /* Main.storyboard */ = {
			isa = PBXVariantGroup;
			children = (
				2B5AF8CC28EAF79B003C2FAD /* Base */,
			);
			name = Main.storyboard;
			sourceTree = "<group>";
		};
		2B5AF8D028EAF79C003C2FAD /* LaunchScreen.storyboard */ = {
			isa = PBXVariantGroup;
			children = (
				2B5AF8D128EAF79C003C2FAD /* Base */,
			);
			name = LaunchScreen.storyboard;
			sourceTree = "<group>";
		};
/* End PBXVariantGroup section */

/* Begin XCBuildConfiguration section */
		2B5AF8EA28EAF79C003C2FAD /* Debug */ = {
			isa = XCBuildConfiguration;
			buildSettings = {
				ALWAYS_SEARCH_USER_PATHS = NO;
				CLANG_ANALYZER_NONNULL = YES;
				CLANG_ANALYZER_NUMBER_OBJECT_CONVERSION = YES_AGGRESSIVE;
				CLANG_CXX_LANGUAGE_STANDARD = "gnu++20";
				CLANG_ENABLE_MODULES = YES;
				CLANG_ENABLE_OBJC_ARC = YES;
				CLANG_ENABLE_OBJC_WEAK = YES;
				CLANG_WARN_BLOCK_CAPTURE_AUTORELEASING = YES;
				CLANG_WARN_BOOL_CONVERSION = YES;
				CLANG_WARN_COMMA = YES;
				CLANG_WARN_CONSTANT_CONVERSION = YES;
				CLANG_WARN_DEPRECATED_OBJC_IMPLEMENTATIONS = YES;
				CLANG_WARN_DIRECT_OBJC_ISA_USAGE = YES_ERROR;
				CLANG_WARN_DOCUMENTATION_COMMENTS = YES;
				CLANG_WARN_EMPTY_BODY = YES;
				CLANG_WARN_ENUM_CONVERSION = YES;
				CLANG_WARN_INFINITE_RECURSION = YES;
				CLANG_WARN_INT_CONVERSION = YES;
				CLANG_WARN_NON_LITERAL_NULL_CONVERSION = YES;
				CLANG_WARN_OBJC_IMPLICIT_RETAIN_SELF = YES;
				CLANG_WARN_OBJC_LITERAL_CONVERSION = YES;
				CLANG_WARN_OBJC_ROOT_CLASS = YES_ERROR;
				CLANG_WARN_QUOTED_INCLUDE_IN_FRAMEWORK_HEADER = YES;
				CLANG_WARN_RANGE_LOOP_ANALYSIS = YES;
				CLANG_WARN_STRICT_PROTOTYPES = YES;
				CLANG_WARN_SUSPICIOUS_MOVE = YES;
				CLANG_WARN_UNGUARDED_AVAILABILITY = YES_AGGRESSIVE;
				CLANG_WARN_UNREACHABLE_CODE = YES;
				CLANG_WARN__DUPLICATE_METHOD_MATCH = YES;
				COPY_PHASE_STRIP = NO;
				DEBUG_INFORMATION_FORMAT = dwarf;
				ENABLE_STRICT_OBJC_MSGSEND = YES;
				ENABLE_TESTABILITY = YES;
				GCC_C_LANGUAGE_STANDARD = gnu11;
				GCC_DYNAMIC_NO_PIC = NO;
				GCC_NO_COMMON_BLOCKS = YES;
				GCC_OPTIMIZATION_LEVEL = 0;
				GCC_PREPROCESSOR_DEFINITIONS = (
					"DEBUG=1",
					"$(inherited)",
				);
				GCC_WARN_64_TO_32_BIT_CONVERSION = YES;
				GCC_WARN_ABOUT_RETURN_TYPE = YES_ERROR;
				GCC_WARN_UNDECLARED_SELECTOR = YES;
				GCC_WARN_UNINITIALIZED_AUTOS = YES_AGGRESSIVE;
				GCC_WARN_UNUSED_FUNCTION = YES;
				GCC_WARN_UNUSED_VARIABLE = YES;
				IPHONEOS_DEPLOYMENT_TARGET = 16.0;
				MTL_ENABLE_DEBUG_INFO = INCLUDE_SOURCE;
				MTL_FAST_MATH = YES;
				ONLY_ACTIVE_ARCH = YES;
				SDKROOT = iphoneos;
				SWIFT_ACTIVE_COMPILATION_CONDITIONS = DEBUG;
				SWIFT_OPTIMIZATION_LEVEL = "-Onone";
			};
			name = Debug;
		};
		2B5AF8EB28EAF79C003C2FAD /* Release */ = {
			isa = XCBuildConfiguration;
			buildSettings = {
				ALWAYS_SEARCH_USER_PATHS = NO;
				CLANG_ANALYZER_NONNULL = YES;
				CLANG_ANALYZER_NUMBER_OBJECT_CONVERSION = YES_AGGRESSIVE;
				CLANG_CXX_LANGUAGE_STANDARD = "gnu++20";
				CLANG_ENABLE_MODULES = YES;
				CLANG_ENABLE_OBJC_ARC = YES;
				CLANG_ENABLE_OBJC_WEAK = YES;
				CLANG_WARN_BLOCK_CAPTURE_AUTORELEASING = YES;
				CLANG_WARN_BOOL_CONVERSION = YES;
				CLANG_WARN_COMMA = YES;
				CLANG_WARN_CONSTANT_CONVERSION = YES;
				CLANG_WARN_DEPRECATED_OBJC_IMPLEMENTATIONS = YES;
				CLANG_WARN_DIRECT_OBJC_ISA_USAGE = YES_ERROR;
				CLANG_WARN_DOCUMENTATION_COMMENTS = YES;
				CLANG_WARN_EMPTY_BODY = YES;
				CLANG_WARN_ENUM_CONVERSION = YES;
				CLANG_WARN_INFINITE_RECURSION = YES;
				CLANG_WARN_INT_CONVERSION = YES;
				CLANG_WARN_NON_LITERAL_NULL_CONVERSION = YES;
				CLANG_WARN_OBJC_IMPLICIT_RETAIN_SELF = YES;
				CLANG_WARN_OBJC_LITERAL_CONVERSION = YES;
				CLANG_WARN_OBJC_ROOT_CLASS = YES_ERROR;
				CLANG_WARN_QUOTED_INCLUDE_IN_FRAMEWORK_HEADER = YES;
				CLANG_WARN_RANGE_LOOP_ANALYSIS = YES;
				CLANG_WARN_STRICT_PROTOTYPES = YES;
				CLANG_WARN_SUSPICIOUS_MOVE = YES;
				CLANG_WARN_UNGUARDED_AVAILABILITY = YES_AGGRESSIVE;
				CLANG_WARN_UNREACHABLE_CODE = YES;
				CLANG_WARN__DUPLICATE_METHOD_MATCH = YES;
				COPY_PHASE_STRIP = NO;
				DEBUG_INFORMATION_FORMAT = "dwarf-with-dsym";
				ENABLE_NS_ASSERTIONS = NO;
				ENABLE_STRICT_OBJC_MSGSEND = YES;
				GCC_C_LANGUAGE_STANDARD = gnu11;
				GCC_NO_COMMON_BLOCKS = YES;
				GCC_WARN_64_TO_32_BIT_CONVERSION = YES;
				GCC_WARN_ABOUT_RETURN_TYPE = YES_ERROR;
				GCC_WARN_UNDECLARED_SELECTOR = YES;
				GCC_WARN_UNINITIALIZED_AUTOS = YES_AGGRESSIVE;
				GCC_WARN_UNUSED_FUNCTION = YES;
				GCC_WARN_UNUSED_VARIABLE = YES;
				IPHONEOS_DEPLOYMENT_TARGET = 16.0;
				MTL_ENABLE_DEBUG_INFO = NO;
				MTL_FAST_MATH = YES;
				SDKROOT = iphoneos;
				SWIFT_COMPILATION_MODE = wholemodule;
				SWIFT_OPTIMIZATION_LEVEL = "-O";
				VALIDATE_PRODUCT = YES;
			};
			name = Release;
		};
		2B5AF8ED28EAF79C003C2FAD /* Debug */ = {
			isa = XCBuildConfiguration;
			buildSettings = {
				ASSETCATALOG_COMPILER_APPICON_NAME = AppIcon;
				ASSETCATALOG_COMPILER_GLOBAL_ACCENT_COLOR_NAME = AccentColor;
				CODE_SIGN_STYLE = Automatic;
				CURRENT_PROJECT_VERSION = 1;
				DEVELOPMENT_TEAM = PXWVL754BD;
				GENERATE_INFOPLIST_FILE = YES;
				INFOPLIST_FILE = EtraveliAssignment/Info.plist;
				INFOPLIST_KEY_UIApplicationSupportsIndirectInputEvents = YES;
				INFOPLIST_KEY_UILaunchStoryboardName = LaunchScreen;
				INFOPLIST_KEY_UIMainStoryboardFile = Main;
				INFOPLIST_KEY_UISupportedInterfaceOrientations_iPad = "UIInterfaceOrientationPortrait UIInterfaceOrientationPortraitUpsideDown UIInterfaceOrientationLandscapeLeft UIInterfaceOrientationLandscapeRight";
				INFOPLIST_KEY_UISupportedInterfaceOrientations_iPhone = "UIInterfaceOrientationPortrait UIInterfaceOrientationLandscapeLeft UIInterfaceOrientationLandscapeRight";
				LD_RUNPATH_SEARCH_PATHS = (
					"$(inherited)",
					"@executable_path/Frameworks",
				);
				MARKETING_VERSION = 1.0;
				PRODUCT_BUNDLE_IDENTIFIER = com.argon.EtraveliAssignment;
				PRODUCT_NAME = "$(TARGET_NAME)";
				SWIFT_EMIT_LOC_STRINGS = YES;
				SWIFT_VERSION = 5.0;
				TARGETED_DEVICE_FAMILY = "1,2";
			};
			name = Debug;
		};
		2B5AF8EE28EAF79C003C2FAD /* Release */ = {
			isa = XCBuildConfiguration;
			buildSettings = {
				ASSETCATALOG_COMPILER_APPICON_NAME = AppIcon;
				ASSETCATALOG_COMPILER_GLOBAL_ACCENT_COLOR_NAME = AccentColor;
				CODE_SIGN_STYLE = Automatic;
				CURRENT_PROJECT_VERSION = 1;
				DEVELOPMENT_TEAM = PXWVL754BD;
				GENERATE_INFOPLIST_FILE = YES;
				INFOPLIST_FILE = EtraveliAssignment/Info.plist;
				INFOPLIST_KEY_UIApplicationSupportsIndirectInputEvents = YES;
				INFOPLIST_KEY_UILaunchStoryboardName = LaunchScreen;
				INFOPLIST_KEY_UIMainStoryboardFile = Main;
				INFOPLIST_KEY_UISupportedInterfaceOrientations_iPad = "UIInterfaceOrientationPortrait UIInterfaceOrientationPortraitUpsideDown UIInterfaceOrientationLandscapeLeft UIInterfaceOrientationLandscapeRight";
				INFOPLIST_KEY_UISupportedInterfaceOrientations_iPhone = "UIInterfaceOrientationPortrait UIInterfaceOrientationLandscapeLeft UIInterfaceOrientationLandscapeRight";
				LD_RUNPATH_SEARCH_PATHS = (
					"$(inherited)",
					"@executable_path/Frameworks",
				);
				MARKETING_VERSION = 1.0;
				PRODUCT_BUNDLE_IDENTIFIER = com.argon.EtraveliAssignment;
				PRODUCT_NAME = "$(TARGET_NAME)";
				SWIFT_EMIT_LOC_STRINGS = YES;
				SWIFT_VERSION = 5.0;
				TARGETED_DEVICE_FAMILY = "1,2";
			};
			name = Release;
		};
		2B5AF8F028EAF79C003C2FAD /* Debug */ = {
			isa = XCBuildConfiguration;
			buildSettings = {
				ALWAYS_EMBED_SWIFT_STANDARD_LIBRARIES = YES;
				BUNDLE_LOADER = "$(TEST_HOST)";
				CODE_SIGN_STYLE = Automatic;
				CURRENT_PROJECT_VERSION = 1;
				DEVELOPMENT_TEAM = PXWVL754BD;
				GENERATE_INFOPLIST_FILE = YES;
				IPHONEOS_DEPLOYMENT_TARGET = 16.0;
				MARKETING_VERSION = 1.0;
				PRODUCT_BUNDLE_IDENTIFIER = com.argon.EtraveliAssignmentTests;
				PRODUCT_NAME = "$(TARGET_NAME)";
				SWIFT_EMIT_LOC_STRINGS = NO;
				SWIFT_VERSION = 5.0;
				TARGETED_DEVICE_FAMILY = "1,2";
				TEST_HOST = "$(BUILT_PRODUCTS_DIR)/EtraveliAssignment.app/$(BUNDLE_EXECUTABLE_FOLDER_PATH)/EtraveliAssignment";
			};
			name = Debug;
		};
		2B5AF8F128EAF79C003C2FAD /* Release */ = {
			isa = XCBuildConfiguration;
			buildSettings = {
				ALWAYS_EMBED_SWIFT_STANDARD_LIBRARIES = YES;
				BUNDLE_LOADER = "$(TEST_HOST)";
				CODE_SIGN_STYLE = Automatic;
				CURRENT_PROJECT_VERSION = 1;
				DEVELOPMENT_TEAM = PXWVL754BD;
				GENERATE_INFOPLIST_FILE = YES;
				IPHONEOS_DEPLOYMENT_TARGET = 16.0;
				MARKETING_VERSION = 1.0;
				PRODUCT_BUNDLE_IDENTIFIER = com.argon.EtraveliAssignmentTests;
				PRODUCT_NAME = "$(TARGET_NAME)";
				SWIFT_EMIT_LOC_STRINGS = NO;
				SWIFT_VERSION = 5.0;
				TARGETED_DEVICE_FAMILY = "1,2";
				TEST_HOST = "$(BUILT_PRODUCTS_DIR)/EtraveliAssignment.app/$(BUNDLE_EXECUTABLE_FOLDER_PATH)/EtraveliAssignment";
			};
			name = Release;
		};
		2B5AF8F328EAF79C003C2FAD /* Debug */ = {
			isa = XCBuildConfiguration;
			buildSettings = {
				ALWAYS_EMBED_SWIFT_STANDARD_LIBRARIES = YES;
				CODE_SIGN_STYLE = Automatic;
				CURRENT_PROJECT_VERSION = 1;
				DEVELOPMENT_TEAM = PXWVL754BD;
				GENERATE_INFOPLIST_FILE = YES;
				MARKETING_VERSION = 1.0;
				PRODUCT_BUNDLE_IDENTIFIER = com.argon.EtraveliAssignmentUITests;
				PRODUCT_NAME = "$(TARGET_NAME)";
				SWIFT_EMIT_LOC_STRINGS = NO;
				SWIFT_VERSION = 5.0;
				TARGETED_DEVICE_FAMILY = "1,2";
				TEST_TARGET_NAME = EtraveliAssignment;
			};
			name = Debug;
		};
		2B5AF8F428EAF79C003C2FAD /* Release */ = {
			isa = XCBuildConfiguration;
			buildSettings = {
				ALWAYS_EMBED_SWIFT_STANDARD_LIBRARIES = YES;
				CODE_SIGN_STYLE = Automatic;
				CURRENT_PROJECT_VERSION = 1;
				DEVELOPMENT_TEAM = PXWVL754BD;
				GENERATE_INFOPLIST_FILE = YES;
				MARKETING_VERSION = 1.0;
				PRODUCT_BUNDLE_IDENTIFIER = com.argon.EtraveliAssignmentUITests;
				PRODUCT_NAME = "$(TARGET_NAME)";
				SWIFT_EMIT_LOC_STRINGS = NO;
				SWIFT_VERSION = 5.0;
				TARGETED_DEVICE_FAMILY = "1,2";
				TEST_TARGET_NAME = EtraveliAssignment;
			};
			name = Release;
		};
/* End XCBuildConfiguration section */

/* Begin XCConfigurationList section */
		2B5AF8BD28EAF79A003C2FAD /* Build configuration list for PBXProject "EtraveliAssignment" */ = {
			isa = XCConfigurationList;
			buildConfigurations = (
				2B5AF8EA28EAF79C003C2FAD /* Debug */,
				2B5AF8EB28EAF79C003C2FAD /* Release */,
			);
			defaultConfigurationIsVisible = 0;
			defaultConfigurationName = Release;
		};
		2B5AF8EC28EAF79C003C2FAD /* Build configuration list for PBXNativeTarget "EtraveliAssignment" */ = {
			isa = XCConfigurationList;
			buildConfigurations = (
				2B5AF8ED28EAF79C003C2FAD /* Debug */,
				2B5AF8EE28EAF79C003C2FAD /* Release */,
			);
			defaultConfigurationIsVisible = 0;
			defaultConfigurationName = Release;
		};
		2B5AF8EF28EAF79C003C2FAD /* Build configuration list for PBXNativeTarget "EtraveliAssignmentTests" */ = {
			isa = XCConfigurationList;
			buildConfigurations = (
				2B5AF8F028EAF79C003C2FAD /* Debug */,
				2B5AF8F128EAF79C003C2FAD /* Release */,
			);
			defaultConfigurationIsVisible = 0;
			defaultConfigurationName = Release;
		};
		2B5AF8F228EAF79C003C2FAD /* Build configuration list for PBXNativeTarget "EtraveliAssignmentUITests" */ = {
			isa = XCConfigurationList;
			buildConfigurations = (
				2B5AF8F328EAF79C003C2FAD /* Debug */,
				2B5AF8F428EAF79C003C2FAD /* Release */,
			);
			defaultConfigurationIsVisible = 0;
			defaultConfigurationName = Release;
		};
/* End XCConfigurationList section */
	};
	rootObject = 2B5AF8BA28EAF79A003C2FAD /* Project object */;
}
